<?xml version="1.0" encoding="utf-8"?>
<Project ToolsVersion="4.0" xmlns="http://schemas.microsoft.com/developer/msbuild/2003">
  <ItemGroup>
    <Filter Include="源文件">
      <UniqueIdentifier>{4FC737F1-C7A5-4376-A066-2A32D752A2FF}</UniqueIdentifier>
      <Extensions>cpp;c;cc;cxx;c++;cppm;ixx;def;odl;idl;hpj;bat;asm;asmx</Extensions>
    </Filter>
    <Filter Include="头文件">
      <UniqueIdentifier>{93995380-89BD-4b04-88EB-625FBE52EBFB}</UniqueIdentifier>
      <Extensions>h;hh;hpp;hxx;h++;hm;inl;inc;ipp;xsd</Extensions>
    </Filter>
    <Filter Include="资源文件">
      <UniqueIdentifier>{67DA6AB6-F800-4c08-8B7A-83BB121AAD01}</UniqueIdentifier>
      <Extensions>rc;ico;cur;bmp;dlg;rc2;rct;bin;rgs;gif;jpg;jpeg;jpe;resx;tiff;tif;png;wav;mfcribbon-ms</Extensions>
    </Filter>
  </ItemGroup>
  <ItemGroup>
    <ClCompile Include="main.cpp">
      <Filter>源文件</Filter>
    </ClCompile>
    <ClCompile Include="App.cpp">
      <Filter>源文件</Filter>
    </ClCompile>
    <ClCompile Include="pch.cpp">
      <Filter>源文件</Filter>
    </ClCompile>
    <ClCompile Include="Setting.cpp">
      <Filter>源文件</Filter>
    </ClCompile>
    <ClCompile Include="Lang.cpp">
      <Filter>源文件</Filter>
    </ClCompile>
    <ClCompile Include="Tip.cpp">
      <Filter>源文件</Filter>
    </ClCompile>
    <ClCompile Include="Toast.cpp">
      <Filter>源文件</Filter>
    </ClCompile>
    <ClCompile Include="Tray.cpp">
      <Filter>源文件</Filter>
    </ClCompile>
    <ClCompile Include="WinSetting.cpp">
      <Filter>源文件</Filter>
    </ClCompile>
    <ClCompile Include="WinSettingCommon.cpp">
      <Filter>源文件</Filter>
    </ClCompile>
    <ClCompile Include="WinSettingShortcut.cpp">
      <Filter>源文件</Filter>
    </ClCompile>
    <ClCompile Include="WinSettingAbout.cpp">
      <Filter>源文件</Filter>
    </ClCompile>
    <ClCompile Include="WinCap.cpp">
      <Filter>源文件</Filter>
    </ClCompile>
    <ClCompile Include="WinPin.cpp">
      <Filter>源文件</Filter>
    </ClCompile>
    <ClCompile Include="ToolMain.cpp">
      <Filter>源文件</Filter>
    </ClCompile>
    <ClCompile Include="ToolSub.cpp">
      <Filter>源文件</Filter>
    </ClCompile>
    <ClCompile Include="ShapeBase.cpp">
      <Filter>源文件</Filter>
    </ClCompile>
    <ClCompile Include="ShapeRect.cpp">
      <Filter>源文件</Filter>
    </ClCompile>
    <ClCompile Include="History.cpp">
      <Filter>源文件</Filter>
    </ClCompile>
    <ClCompile Include="ShapeEllipse.cpp">
      <Filter>源文件</Filter>
    </ClCompile>
    <ClCompile Include="ShapeLine.cpp">
      <Filter>源文件</Filter>
    </ClCompile>
    <ClCompile Include="ShapeText.cpp">
      <Filter>源文件</Filter>
    </ClCompile>
    <ClCompile Include="ShapeNumber.cpp">
      <Filter>源文件</Filter>
    </ClCompile>
    <ClCompile Include="ShapeArrow.cpp">
      <Filter>源文件</Filter>
    </ClCompile>
    <ClCompile Include="ShapeMosaic.cpp">
      <Filter>源文件</Filter>
    </ClCompile>
    <ClCompile Include="ShapeEraser.cpp">
      <Filter>源文件</Filter>
    </ClCompile>
    <ClCompile Include="ToolCap.cpp">
      <Filter>源文件</Filter>
    </ClCompile>
    <ClCompile Include="ToolLong.cpp">
      <Filter>源文件</Filter>
    </ClCompile>
    <ClCompile Include="ToolVideo.cpp">
      <Filter>源文件</Filter>
    </ClCompile>
    <ClCompile Include="Update.cpp">
      <Filter>源文件</Filter>
    </ClCompile>
    <ClCompile Include="Util.cpp">
      <Filter>源文件</Filter>
    </ClCompile>
    <ClCompile Include="quirc\decode.c">
      <Filter>源文件</Filter>
    </ClCompile>
    <ClCompile Include="quirc\identify.c">
      <Filter>源文件</Filter>
    </ClCompile>
    <ClCompile Include="quirc\quirc.c">
      <Filter>源文件</Filter>
    </ClCompile>
    <ClCompile Include="quirc\version_db.c">
      <Filter>源文件</Filter>
    </ClCompile>
    <ClCompile Include="CutMask.cpp">
      <Filter>源文件</Filter>
    </ClCompile>
    <ClCompile Include="CapLong.cpp">
      <Filter>源文件</Filter>
    </ClCompile>
    <ClCompile Include="CapVideo.cpp">
      <Filter>源文件</Filter>
    </ClCompile>
  </ItemGroup>
  <ItemGroup>
    <ResourceCompile Include="Res\Resource.rc">
      <Filter>资源文件</Filter>
    </ResourceCompile>
  </ItemGroup>
  <ItemGroup>
    <Image Include="Res\logo.ico">
      <Filter>资源文件</Filter>
    </Image>
  </ItemGroup>
  <ItemGroup>
    <ClInclude Include="App.h">
      <Filter>头文件</Filter>
    </ClInclude>
    <ClInclude Include="pch.h">
      <Filter>头文件</Filter>
    </ClInclude>
    <ClInclude Include="Setting.h">
      <Filter>头文件</Filter>
    </ClInclude>
    <ClInclude Include="Lang.h">
      <Filter>头文件</Filter>
    </ClInclude>
    <ClInclude Include="Tip.h">
      <Filter>头文件</Filter>
    </ClInclude>
    <ClInclude Include="Toast.h">
      <Filter>头文件</Filter>
    </ClInclude>
    <ClInclude Include="Tray.h">
      <Filter>头文件</Filter>
    </ClInclude>
    <ClInclude Include="WinSetting.h">
      <Filter>头文件</Filter>
    </ClInclude>
    <ClInclude Include="WinSettingCommon.h">
      <Filter>头文件</Filter>
    </ClInclude>
    <ClInclude Include="WinSettingShortcut.h">
      <Filter>头文件</Filter>
    </ClInclude>
    <ClInclude Include="WinSettingAbout.h">
      <Filter>头文件</Filter>
    </ClInclude>
    <ClInclude Include="WinCap.h">
      <Filter>头文件</Filter>
    </ClInclude>
    <ClInclude Include="WinPin.h">
      <Filter>头文件</Filter>
    </ClInclude>
    <ClInclude Include="ToolMain.h">
      <Filter>头文件</Filter>
    </ClInclude>
    <ClInclude Include="ToolSub.h">
      <Filter>头文件</Filter>
    </ClInclude>
    <ClInclude Include="ShapeBase.h">
      <Filter>头文件</Filter>
    </ClInclude>
    <ClInclude Include="ShapeRect.h">
      <Filter>头文件</Filter>
    </ClInclude>
    <ClInclude Include="History.h">
      <Filter>头文件</Filter>
    </ClInclude>
    <ClInclude Include="ShapeNumber.h">
      <Filter>头文件</Filter>
    </ClInclude>
    <ClInclude Include="ShapeEllipse.h">
      <Filter>头文件</Filter>
    </ClInclude>
    <ClInclude Include="ShapeLine.h">
      <Filter>头文件</Filter>
    </ClInclude>
    <ClInclude Include="ShapeText.h">
      <Filter>头文件</Filter>
    </ClInclude>
    <ClInclude Include="ShapeArrow.h">
      <Filter>头文件</Filter>
    </ClInclude>
    <ClInclude Include="ShapeMosaic.h">
      <Filter>头文件</Filter>
    </ClInclude>
    <ClInclude Include="ShapeEraser.h">
      <Filter>头文件</Filter>
    </ClInclude>
    <ClInclude Include="ToolCap.h">
      <Filter>头文件</Filter>
    </ClInclude>
    <ClInclude Include="ToolLong.h">
      <Filter>头文件</Filter>
    </ClInclude>
    <ClInclude Include="ToolVideo.h">
      <Filter>头文件</Filter>
    </ClInclude>
    <ClInclude Include="Update.h">
      <Filter>头文件</Filter>
    </ClInclude>
    <ClInclude Include="Util.h">
      <Filter>头文件</Filter>
    </ClInclude>
    <ClInclude Include="quirc\quirc.h">
      <Filter>头文件</Filter>
    </ClInclude>
    <ClInclude Include="quirc\quirc_internal.h">
      <Filter>头文件</Filter>
    </ClInclude>
    <ClInclude Include="CutMask.h">
      <Filter>头文件</Filter>
    </ClInclude>
    <ClInclude Include="CapLong.h">
      <Filter>头文件</Filter>
    </ClInclude>
    <ClInclude Include="CapVideo.h">
      <Filter>头文件</Filter>
    </ClInclude>
    <ClInclude Include="VideoMp4.hpp">
      <Filter>头文件</Filter>
    </ClInclude>
  </ItemGroup>
  <ItemGroup>
    <Font Include="Res\iconfont.ttf" />
  </ItemGroup>
</Project>